
Microsoft Visual Studio Solution File, Format Version 12.00
# Visual Studio 15
VisualStudioVersion = 15.0.26124.0
MinimumVisualStudioVersion = 15.0.26124.0
Project("{FAE04EC0-301F-11D3-BF4B-00C04F79EFBC}") = "src", "src\src.csproj", "{02C2A72F-2EF0-47A5-8B56-E94E58A9651F}"
EndProject
Project("{FAE04EC0-301F-11D3-BF4B-00C04F79EFBC}") = "test", "test\test.csproj", "{A79B6A7D-18BB-4852-820E-6DE08EE6C774}"
EndProject
Global
	GlobalSection(SolutionConfigurationPlatforms) = preSolution
		Debug|Any CPU = Debug|Any CPU
		Debug|x64 = Debug|x64
		Debug|x86 = Debug|x86
		Release|Any CPU = Release|Any CPU
		Release|x64 = Release|x64
		Release|x86 = Release|x86
	EndGlobalSection
	GlobalSection(SolutionProperties) = preSolution
		HideSolutionNode = FALSE
	EndGlobalSection
	GlobalSection(ProjectConfigurationPlatforms) = postSolution
		{02C2A72F-2EF0-47A5-8B56-E94E58A9651F}.Debug|Any CPU.ActiveCfg = Debug|Any CPU
		{02C2A72F-2EF0-47A5-8B56-E94E58A9651F}.Debug|Any CPU.Build.0 = Debug|Any CPU
		{02C2A72F-2EF0-47A5-8B56-E94E58A9651F}.Debug|x64.ActiveCfg = Debug|Any CPU
		{02C2A72F-2EF0-47A5-8B56-E94E58A9651F}.Debug|x64.Build.0 = Debug|Any CPU
		{02C2A72F-2EF0-47A5-8B56-E94E58A9651F}.Debug|x86.ActiveCfg = Debug|Any CPU
		{02C2A72F-2EF0-47A5-8B56-E94E58A9651F}.Debug|x86.Build.0 = Debug|Any CPU
		{02C2A72F-2EF0-47A5-8B56-E94E58A9651F}.Release|Any CPU.ActiveCfg = Release|Any CPU
		{02C2A72F-2EF0-47A5-8B56-E94E58A9651F}.Release|Any CPU.Build.0 = Release|Any CPU
		{02C2A72F-2EF0-47A5-8B56-E94E58A9651F}.Release|x64.ActiveCfg = Release|Any CPU
		{02C2A72F-2EF0-47A5-8B56-E94E58A9651F}.Release|x64.Build.0 = Release|Any CPU
		{02C2A72F-2EF0-47A5-8B56-E94E58A9651F}.Release|x86.ActiveCfg = Release|Any CPU
		{02C2A72F-2EF0-47A5-8B56-E94E58A9651F}.Release|x86.Build.0 = Release|Any CPU
		{A79B6A7D-18BB-4852-820E-6DE08EE6C774}.Debug|Any CPU.ActiveCfg = Debug|Any CPU
		{A79B6A7D-18BB-4852-820E-6DE08EE6C774}.Debug|Any CPU.Build.0 = Debug|Any CPU
		{A79B6A7D-18BB-4852-820E-6DE08EE6C774}.Debug|x64.ActiveCfg = Debug|Any CPU
		{A79B6A7D-18BB-4852-820E-6DE08EE6C774}.Debug|x64.Build.0 = Debug|Any CPU
		{A79B6A7D-18BB-4852-820E-6DE08EE6C774}.Debug|x86.ActiveCfg = Debug|Any CPU
		{A79B6A7D-18BB-4852-820E-6DE08EE6C774}.Debug|x86.Build.0 = Debug|Any CPU
		{A79B6A7D-18BB-4852-820E-6DE08EE6C774}.Release|Any CPU.ActiveCfg = Release|Any CPU
		{A79B6A7D-18BB-4852-820E-6DE08EE6C774}.Release|Any CPU.Build.0 = Release|Any CPU
		{A79B6A7D-18BB-4852-820E-6DE08EE6C774}.Release|x64.ActiveCfg = Release|Any CPU
		{A79B6A7D-18BB-4852-820E-6DE08EE6C774}.Release|x64.Build.0 = Release|Any CPU
		{A79B6A7D-18BB-4852-820E-6DE08EE6C774}.Release|x86.ActiveCfg = Release|Any CPU
		{A79B6A7D-18BB-4852-820E-6DE08EE6C774}.Release|x86.Build.0 = Release|Any CPU
	EndGlobalSection
EndGlobal
